
Microsoft Visual Studio Solution File, Format Version 12.00
# Visual Studio Version 17
VisualStudioVersion = 17.5.002.0
MinimumVisualStudioVersion = 10.0.40219.1
Project("{9A19103F-16F7-4668-BE54-9A1E7A4F7556}") = "TrilhaApiDesafio", "TrilhaApiDesafio.csproj", "{62F9A28F-85B0-413A-971B-2F4F7B8231CB}"
EndProject
Global
	GlobalSection(SolutionConfigurationPlatforms) = preSolution
		Debug|Any CPU = Debug|Any CPU
		Release|Any CPU = Release|Any CPU
	EndGlobalSection
	GlobalSection(ProjectConfigurationPlatforms) = postSolution
		{62F9A28F-85B0-413A-971B-2F4F7B8231CB}.Debug|Any CPU.ActiveCfg = Debug|Any CPU
		{62F9A28F-85B0-413A-971B-2F4F7B8231CB}.Debug|Any CPU.Build.0 = Debug|Any CPU
		{62F9A28F-85B0-413A-971B-2F4F7B8231CB}.Release|Any CPU.ActiveCfg = Release|Any CPU
		{62F9A28F-85B0-413A-971B-2F4F7B8231CB}.Release|Any CPU.Build.0 = Release|Any CPU
	EndGlobalSection
	GlobalSection(SolutionProperties) = preSolution
		HideSolutionNode = FALSE
	EndGlobalSection
	GlobalSection(ExtensibilityGlobals) = postSolution
		SolutionGuid = {B47475B2-9ACC-40B9-B421-4D938A68317D}
	EndGlobalSection
EndGlobal
